
Microsoft Visual Studio Solution File, Format Version 12.00
# Visual Studio Version 16
VisualStudioVersion = 16.0.29509.3
MinimumVisualStudioVersion = 10.0.40219.1
Project("{9A19103F-16F7-4668-BE54-9A1E7A4F7556}") = "WpfCalculator", "WpfCalculator\WpfCalculator.csproj", "{89C2181E-DAEC-4249-B797-6E77B7E9CE55}"
EndProject
Project("{9A19103F-16F7-4668-BE54-9A1E7A4F7556}") = "MathLib", "..\Extra\MathLib\MathLib.csproj", "{6E5638AD-A3DC-4588-AF7E-3B55424C2901}"
EndProject
Global
	GlobalSection(SolutionConfigurationPlatforms) = preSolution
		Debug|Any CPU = Debug|Any CPU
		Release|Any CPU = Release|Any CPU
	EndGlobalSection
	GlobalSection(ProjectConfigurationPlatforms) = postSolution
		{89C2181E-DAEC-4249-B797-6E77B7E9CE55}.Debug|Any CPU.ActiveCfg = Debug|Any CPU
		{89C2181E-DAEC-4249-B797-6E77B7E9CE55}.Debug|Any CPU.Build.0 = Debug|Any CPU
		{89C2181E-DAEC-4249-B797-6E77B7E9CE55}.Release|Any CPU.ActiveCfg = Release|Any CPU
		{89C2181E-DAEC-4249-B797-6E77B7E9CE55}.Release|Any CPU.Build.0 = Release|Any CPU
		{6E5638AD-A3DC-4588-AF7E-3B55424C2901}.Debug|Any CPU.ActiveCfg = Debug|Any CPU
		{6E5638AD-A3DC-4588-AF7E-3B55424C2901}.Debug|Any CPU.Build.0 = Debug|Any CPU
		{6E5638AD-A3DC-4588-AF7E-3B55424C2901}.Release|Any CPU.ActiveCfg = Release|Any CPU
		{6E5638AD-A3DC-4588-AF7E-3B55424C2901}.Release|Any CPU.Build.0 = Release|Any CPU
	EndGlobalSection
	GlobalSection(SolutionProperties) = preSolution
		HideSolutionNode = FALSE
	EndGlobalSection
	GlobalSection(ExtensibilityGlobals) = postSolution
		SolutionGuid = {39B07F47-4AC6-4B7B-90A2-F938A001243F}
	EndGlobalSection
EndGlobal
